PODS:
  - WechatOpenSDK_UnPay (1.8.7.1)
  - xsdk_apple_push (1.0.0)
  - xsdk_core (1.0.0)
  - xsdk_webchat (1.0.0):
    - WechatOpenSDK_UnPay
    - xsdk_core

DEPENDENCIES:
  - xsdk_apple_push (from `./xsdk_apple_push`)
  - xsdk_core (from `./xsdk_core`)
  - xsdk_webchat (from `./xsdk_webchat`)

SPEC REPOS:
  trunk:
    - WechatOpenSDK_UnPay

EXTERNAL SOURCES:
  xsdk_apple_push:
    :path: "./xsdk_apple_push"
  xsdk_core:
    :path: "./xsdk_core"
  xsdk_webchat:
    :path: "./xsdk_webchat"

SPEC CHECKSUMS:
  WechatOpenSDK_UnPay: 676bbc44d7309dce90697c2426f5b67304f42a2a
  xsdk_apple_push: 32af7074c29bddcfb23ea690b69529c4d527007e
  xsdk_core: 6ba2d815a6ad503475ee4bee22b73cc4e6e36762
  xsdk_webchat: baa2482af1a322997ef4baba0c143ff19be58dc5

PODFILE CHECKSUM: 8a050c44fb1446be9c1dec4231fd79a1e67e2608

COCOAPODS: 1.12.1
