PODS:
  - WechatOpenSDK_UnPay (1.8.7.1)
  - xsdk_apple_push (0.0.1)
  - xsdk_core (0.0.1)
  - xsdk_webchat (0.0.1):
    - WechatOpenSDK_UnPay

DEPENDENCIES:
  - xsdk_apple_push (from `./xsdk_apple_push`)
  - xsdk_core (from `./xsdk_core`)
  - xsdk_webchat (from `./xsdk_webchat`)

SPEC REPOS:
  trunk:
    - WechatOpenSDK_UnPay

EXTERNAL SOURCES:
  xsdk_apple_push:
    :path: "./xsdk_apple_push"
  xsdk_core:
    :path: "./xsdk_core"
  xsdk_webchat:
    :path: "./xsdk_webchat"

SPEC CHECKSUMS:
  WechatOpenSDK_UnPay: 676bbc44d7309dce90697c2426f5b67304f42a2a
  xsdk_apple_push: 40e52238025edd426ffb77027a15105f150c6a3d
  xsdk_core: 6d40c026ba6f11936c92e674c050fd5bc5ea5b87
  xsdk_webchat: 098994b24e01e9ce78f91e825894b4e35c4b9714

PODFILE CHECKSUM: 8a050c44fb1446be9c1dec4231fd79a1e67e2608

COCOAPODS: 1.10.2
